// !$*UTF8*$!
{
	archiveVersion = 1;
	classes = {
	};
	objectVersion = 77;
	objects = {

/* Begin PBXBuildFile section */
		CE876C13301D350400C94B23 /* libs in Resources */ = {isa = PBXBuildFile; fileRef = CE876C12301D350400C94B23 /* libs */; };
		CECB132E300F290A00096CA4 /* libusb-1.0.0.dylib in Frameworks */ = {isa = PBXBuildFile; fileRef = CECB132D300F290A00096CA4 /* libusb-1.0.0.dylib */; };
		CECB1330300F292000096CA4 /* libmtp.9.dylib in Frameworks */ = {isa = PBXBuildFile; fileRef = CECB1333300F301500096CA4 /* libmtp.9.dylib */; };
		CECB1331300F2F8500096CA4 /* libusb-1.0.0.dylib in CopyFiles */ = {isa = PBXBuildFile; fileRef = CECB132D300F290A00096CA4 /* libusb-1.0.0.dylib */; settings = {ATTRIBUTES = (CodeSignOnCopy, ); }; };
		CECB1334300F301500096CA4 /* libmtp.9.dylib in CopyFiles */ = {isa = PBXBuildFile; fileRef = CECB1333300F301500096CA4 /* libmtp.9.dylib */; settings = {ATTRIBUTES = (CodeSignOnCopy, ); }; };
		CEE806C230193313006F7495 /* Sparkle in Frameworks */ = {isa = PBXBuildFile; productRef = CEE806C130193313006F7495 /* Sparkle */; };
/* End PBXBuildFile section */

/* Begin PBXCopyFilesBuildPhase section */
		CECB1326300F1FE700096CA4 /* CopyFiles */ = {
			isa = PBXCopyFilesBuildPhase;
			buildActionMask = 12;
			dstPath = "";
			dstSubfolderSpec = 10;
			files = (
				CECB1334300F301500096CA4 /* libmtp.9.dylib in CopyFiles */,
				CECB1331300F2F8500096CA4 /* libusb-1.0.0.dylib in CopyFiles */,
			);
			runOnlyForDeploymentPostprocessing = 0;
		};
/* End PBXCopyFilesBuildPhase section */

/* Begin PBXFileReference section */
		CE19055E2FFE1E4E00FC1701 /* GarminScreenStudio-Bridging-Header.h */ = {isa = PBXFileReference; lastKnownFileType = sourcecode.c.h; path = "GarminScreenStudio-Bridging-Header.h"; sourceTree = "<group>"; };
		CE63FE262FFCB07900508C3D /* Garmin Screen Studio v1.1.app */ = {isa = PBXFileReference; explicitFileType = wrapper.application; includeInIndex = 0; path = "Garmin Screen Studio v1.1.app"; sourceTree = BUILT_PRODUCTS_DIR; };
		CE876C12301D350400C94B23 /* libs */ = {isa = PBXFileReference; lastKnownFileType = folder; path = libs; sourceTree = "<group>"; };
		CECB132D300F290A00096CA4 /* libusb-1.0.0.dylib */ = {isa = PBXFileReference; lastKnownFileType = "compiled.mach-o.dylib"; name = "libusb-1.0.0.dylib"; path = "Frameworks/libusb-1.0.0.dylib"; sourceTree = "<group>"; };
		CECB1333300F301500096CA4 /* libmtp.9.dylib */ = {isa = PBXFileReference; lastKnownFileType = "compiled.mach-o.dylib"; name = libmtp.9.dylib; path = Frameworks/libmtp.9.dylib; sourceTree = "<group>"; };
/* End PBXFileReference section */

/* Begin PBXFileSystemSynchronizedRootGroup section */
		CE63FE282FFCB07900508C3D /* Garmin Screen Studio v1.1 */ = {
			isa = PBXFileSystemSynchronizedRootGroup;
			path = "Garmin Screen Studio v1.1";
			sourceTree = "<group>";
		};
/* End PBXFileSystemSynchronizedRootGroup section */

/* Begin PBXFrameworksBuildPhase section */
		CE63FE232FFCB07900508C3D /* Frameworks */ = {
			isa = PBXFrameworksBuildPhase;
			buildActionMask = 2147483647;
			files = (
				CEE806C230193313006F7495 /* Sparkle in Frameworks */,
				CECB132E300F290A00096CA4 /* libusb-1.0.0.dylib in Frameworks */,
				CECB1330300F292000096CA4 /* libmtp.9.dylib in Frameworks */,
			);
			runOnlyForDeploymentPostprocessing = 0;
		};
/* End PBXFrameworksBuildPhase section */

/* Begin PBXGroup section */
		CE19055F2FFF5D0400FC1701 /* Frameworks */ = {
			isa = PBXGroup;
			children = (
				CECB132D300F290A00096CA4 /* libusb-1.0.0.dylib */,
			);
			name = Frameworks;
			sourceTree = "<group>";
		};
		CE19174C30040049007E909E /* Legacy */ = {
			isa = PBXGroup;
			children = (
			);
			path = Legacy;
			sourceTree = "<group>";
		};
		CE63FE1D2FFCB07900508C3D = {
			isa = PBXGroup;
			children = (
				CE876C12301D350400C94B23 /* libs */,
				CECB1333300F301500096CA4 /* libmtp.9.dylib */,
				CECB131C300F1CF300096CA4 /* Frameworks */,
				CE19055E2FFE1E4E00FC1701 /* GarminScreenStudio-Bridging-Header.h */,
				CE63FE282FFCB07900508C3D /* Garmin Screen Studio v1.1 */,
				CE19174C30040049007E909E /* Legacy */,
				CE19055F2FFF5D0400FC1701 /* Frameworks */,
				CE63FE272FFCB07900508C3D /* Products */,
			);
			sourceTree = "<group>";
		};
		CE63FE272FFCB07900508C3D /* Products */ = {
			isa = PBXGroup;
			children = (
				CE63FE262FFCB07900508C3D /* Garmin Screen Studio v1.1.app */,
			);
			name = Products;
			sourceTree = "<group>";
		};
		CECB131C300F1CF300096CA4 /* Frameworks */ = {
			isa = PBXGroup;
			children = (
			);
			path = Frameworks;
			sourceTree = "<group>";
		};
/* End PBXGroup section */

/* Begin PBXNativeTarget section */
		CE63FE252FFCB07900508C3D /* Garmin Screen Studio v1.1 */ = {
			isa = PBXNativeTarget;
			buildConfigurationList = CE63FE312FFCB07A00508C3D /* Build configuration list for PBXNativeTarget "Garmin Screen Studio v1.1" */;
			buildPhases = (
				CE63FE222FFCB07900508C3D /* Sources */,
				CE63FE232FFCB07900508C3D /* Frameworks */,
				CE63FE242FFCB07900508C3D /* Resources */,
				CECB1326300F1FE700096CA4 /* CopyFiles */,
				CE9C59613032F94200C5D679 /* ShellScript */,
			);
			buildRules = (
			);
			dependencies = (
			);
			fileSystemSynchronizedGroups = (
				CE63FE282FFCB07900508C3D /* Garmin Screen Studio v1.1 */,
			);
			name = "Garmin Screen Studio v1.1";
			packageProductDependencies = (
				CEE806C130193313006F7495 /* Sparkle */,
			);
			productName = "Garmin Screen Studio v1.1";
			productReference = CE63FE262FFCB07900508C3D /* Garmin Screen Studio v1.1.app */;
			productType = "com.apple.product-type.application";
		};
/* End PBXNativeTarget section */

/* Begin PBXProject section */
		CE63FE1E2FFCB07900508C3D /* Project object */ = {
			isa = PBXProject;
			attributes = {
				BuildIndependentTargetsInParallel = 1;
				LastSwiftUpdateCheck = 2660;
				LastUpgradeCheck = 2660;
				TargetAttributes = {
					CE63FE252FFCB07900508C3D = {
						CreatedOnToolsVersion = 26.6;
					};
				};
			};
			buildConfigurationList = CE63FE212FFCB07900508C3D /* Build configuration list for PBXProject "Garmin Screen Studio v1.1" */;
			developmentRegion = en;
			hasScannedForEncodings = 0;
			knownRegions = (
				en,
				Base,
			);
			mainGroup = CE63FE1D2FFCB07900508C3D;
			minimizedProjectReferenceProxies = 1;
			packageReferences = (
				CEE806C030193313006F7495 /* XCRemoteSwiftPackageReference "Sparkle" */,
			);
			preferredProjectObjectVersion = 77;
			productRefGroup = CE63FE272FFCB07900508C3D /* Products */;
			projectDirPath = "";
			projectRoot = "";
			targets = (
				CE63FE252FFCB07900508C3D /* Garmin Screen Studio v1.1 */,
			);
		};
/* End PBXProject section */

/* Begin PBXResourcesBuildPhase section */
		CE63FE242FFCB07900508C3D /* Resources */ = {
			isa = PBXResourcesBuildPhase;
			buildActionMask = 2147483647;
			files = (
				CE876C13301D350400C94B23 /* libs in Resources */,
			);
			runOnlyForDeploymentPostprocessing = 0;
		};
/* End PBXResourcesBuildPhase section */

/* Begin PBXShellScriptBuildPhase section */
		CE9C59613032F94200C5D679 /* ShellScript */ = {
			isa = PBXShellScriptBuildPhase;
			alwaysOutOfDate = 1;
			buildActionMask = 2147483647;
			files = (
			);
			inputFileListPaths = (
			);
			inputPaths = (
				"$(TARGET_BUILD_DIR)/$(UNLOCALIZED_RESOURCES_FOLDER_PATH)/ffmpeg",
				"$(TARGET_BUILD_DIR)/$(UNLOCALIZED_RESOURCES_FOLDER_PATH)/libs",
			);
			outputFileListPaths = (
			);
			outputPaths = (
			);
			runOnlyForDeploymentPostprocessing = 0;
			shellPath = /bin/bash;
			shellScript = "set -eu\n\nif [ \"${CODE_SIGNING_ALLOWED:-YES}\" != \"YES\" ]; then\n    exit 0\nfi\n\nsigning_identity=\"${EXPANDED_CODE_SIGN_IDENTITY:-}\"\n\nif [ -z \"$signing_identity\" ]; then\n    signing_identity=\"${CODE_SIGN_IDENTITY:-}\"\nfi\n\nif [ -z \"$signing_identity\" ]; then\n    exit 0\nfi\n\nresources_dir=\"$TARGET_BUILD_DIR/$UNLOCALIZED_RESOURCES_FOLDER_PATH\"\nlibs_dir=\"$resources_dir/libs\"\n\nif [ -d \"$libs_dir\" ]; then\n    /usr/bin/find \"$libs_dir\" -type f -name \"*.dylib\" -exec /usr/bin/codesign --force --sign \"$signing_identity\" --options runtime --timestamp=none {} \\;\nfi\n";
		};
/* End PBXShellScriptBuildPhase section */

/* Begin PBXSourcesBuildPhase section */
		CE63FE222FFCB07900508C3D /* Sources */ = {
			isa = PBXSourcesBuildPhase;
			buildActionMask = 2147483647;
			files = (
			);
			runOnlyForDeploymentPostprocessing = 0;
		};
/* End PBXSourcesBuildPhase section */

/* Begin XCBuildConfiguration section */
		CE63FE2F2FFCB07A00508C3D /* Debug */ = {
			isa = XCBuildConfiguration;
			buildSettings = {
				ALWAYS_SEARCH_USER_PATHS = NO;
				ASSETCATALOG_COMPILER_GENERATE_SWIFT_ASSET_SYMBOL_EXTENSIONS = YES;
				CLANG_ANALYZER_NONNULL = YES;
				CLANG_ANALYZER_NUMBER_OBJECT_CONVERSION = YES_AGGRESSIVE;
				CLANG_CXX_LANGUAGE_STANDARD = "gnu++20";
				CLANG_ENABLE_MODULES = YES;
				CLANG_ENABLE_OBJC_ARC = YES;
				CLANG_ENABLE_OBJC_WEAK = YES;
				CLANG_WARN_BLOCK_CAPTURE_AUTORELEASING = YES;
				CLANG_WARN_BOOL_CONVERSION = YES;
				CLANG_WARN_COMMA = YES;
				CLANG_WARN_CONSTANT_CONVERSION = YES;
				CLANG_WARN_DEPRECATED_OBJC_IMPLEMENTATIONS = YES;
				CLANG_WARN_DIRECT_OBJC_ISA_USAGE = YES_ERROR;
				CLANG_WARN_DOCUMENTATION_COMMENTS = YES;
				CLANG_WARN_EMPTY_BODY = YES;
				CLANG_WARN_ENUM_CONVERSION = YES;
				CLANG_WARN_INFINITE_RECURSION = YES;
				CLANG_WARN_INT_CONVERSION = YES;
				CLANG_WARN_NON_LITERAL_NULL_CONVERSION = YES;
				CLANG_WARN_OBJC_IMPLICIT_RETAIN_SELF = YES;
				CLANG_WARN_OBJC_LITERAL_CONVERSION = YES;
				CLANG_WARN_OBJC_ROOT_CLASS = YES_ERROR;
				CLANG_WARN_QUOTED_INCLUDE_IN_FRAMEWORK_HEADER = YES;
				CLANG_WARN_RANGE_LOOP_ANALYSIS = YES;
				CLANG_WARN_STRICT_PROTOTYPES = YES;
				CLANG_WARN_SUSPICIOUS_MOVE = YES;
				CLANG_WARN_UNGUARDED_AVAILABILITY = YES_AGGRESSIVE;
				CLANG_WARN_UNREACHABLE_CODE = YES;
				CLANG_WARN__DUPLICATE_METHOD_MATCH = YES;
				COPY_PHASE_STRIP = NO;
				DEBUG_INFORMATION_FORMAT = dwarf;
				ENABLE_STRICT_OBJC_MSGSEND = YES;
				ENABLE_TESTABILITY = YES;
				ENABLE_USER_SCRIPT_SANDBOXING = YES;
				GCC_C_LANGUAGE_STANDARD = gnu17;
				GCC_DYNAMIC_NO_PIC = NO;
				GCC_NO_COMMON_BLOCKS = YES;
				GCC_OPTIMIZATION_LEVEL = 0;
				GCC_PREPROCESSOR_DEFINITIONS = (
					"DEBUG=1",
					"$(inherited)",
				);
				GCC_WARN_64_TO_32_BIT_CONVERSION = YES;
				GCC_WARN_ABOUT_RETURN_TYPE = YES_ERROR;
				GCC_WARN_UNDECLARED_SELECTOR = YES;
				GCC_WARN_UNINITIALIZED_AUTOS = YES_AGGRESSIVE;
				GCC_WARN_UNUSED_FUNCTION = YES;
				GCC_WARN_UNUSED_VARIABLE = YES;
				LOCALIZATION_PREFERS_STRING_CATALOGS = YES;
				MTL_ENABLE_DEBUG_INFO = INCLUDE_SOURCE;
				MTL_FAST_MATH = YES;
				ONLY_ACTIVE_ARCH = YES;
				SWIFT_ACTIVE_COMPILATION_CONDITIONS = "DEBUG $(inherited)";
				SWIFT_OPTIMIZATION_LEVEL = "-Onone";
			};
			name = Debug;
		};
		CE63FE302FFCB07A00508C3D /* Release */ = {
			isa = XCBuildConfiguration;
			buildSettings = {
				ALWAYS_SEARCH_USER_PATHS = NO;
				ASSETCATALOG_COMPILER_GENERATE_SWIFT_ASSET_SYMBOL_EXTENSIONS = YES;
				CLANG_ANALYZER_NONNULL = YES;
				CLANG_ANALYZER_NUMBER_OBJECT_CONVERSION = YES_AGGRESSIVE;
				CLANG_CXX_LANGUAGE_STANDARD = "gnu++20";
				CLANG_ENABLE_MODULES = YES;
				CLANG_ENABLE_OBJC_ARC = YES;
				CLANG_ENABLE_OBJC_WEAK = YES;
				CLANG_WARN_BLOCK_CAPTURE_AUTORELEASING = YES;
				CLANG_WARN_BOOL_CONVERSION = YES;
				CLANG_WARN_COMMA = YES;
				CLANG_WARN_CONSTANT_CONVERSION = YES;
				CLANG_WARN_DEPRECATED_OBJC_IMPLEMENTATIONS = YES;
				CLANG_WARN_DIRECT_OBJC_ISA_USAGE = YES_ERROR;
				CLANG_WARN_DOCUMENTATION_COMMENTS = YES;
				CLANG_WARN_EMPTY_BODY = YES;
				CLANG_WARN_ENUM_CONVERSION = YES;
				CLANG_WARN_INFINITE_RECURSION = YES;
				CLANG_WARN_INT_CONVERSION = YES;
				CLANG_WARN_NON_LITERAL_NULL_CONVERSION = YES;
				CLANG_WARN_OBJC_IMPLICIT_RETAIN_SELF = YES;
				CLANG_WARN_OBJC_LITERAL_CONVERSION = YES;
				CLANG_WARN_OBJC_ROOT_CLASS = YES_ERROR;
				CLANG_WARN_QUOTED_INCLUDE_IN_FRAMEWORK_HEADER = YES;
				CLANG_WARN_RANGE_LOOP_ANALYSIS = YES;
				CLANG_WARN_STRICT_PROTOTYPES = YES;
				CLANG_WARN_SUSPICIOUS_MOVE = YES;
				CLANG_WARN_UNGUARDED_AVAILABILITY = YES_AGGRESSIVE;
				CLANG_WARN_UNREACHABLE_CODE = YES;
				CLANG_WARN__DUPLICATE_METHOD_MATCH = YES;
				COPY_PHASE_STRIP = NO;
				DEBUG_INFORMATION_FORMAT = "dwarf-with-dsym";
				ENABLE_NS_ASSERTIONS = NO;
				ENABLE_STRICT_OBJC_MSGSEND = YES;
				ENABLE_USER_SCRIPT_SANDBOXING = YES;
				GCC_C_LANGUAGE_STANDARD = gnu17;
				GCC_NO_COMMON_BLOCKS = YES;
				GCC_WARN_64_TO_32_BIT_CONVERSION = YES;
				GCC_WARN_ABOUT_RETURN_TYPE = YES_ERROR;
				GCC_WARN_UNDECLARED_SELECTOR = YES;
				GCC_WARN_UNINITIALIZED_AUTOS = YES_AGGRESSIVE;
				GCC_WARN_UNUSED_FUNCTION = YES;
				GCC_WARN_UNUSED_VARIABLE = YES;
				LOCALIZATION_PREFERS_STRING_CATALOGS = YES;
				MTL_ENABLE_DEBUG_INFO = NO;
				MTL_FAST_MATH = YES;
				SWIFT_COMPILATION_MODE = wholemodule;
			};
			name = Release;
		};
		CE63FE322FFCB07A00508C3D /* Debug */ = {
			isa = XCBuildConfiguration;
			buildSettings = {
				ASSETCATALOG_COMPILER_APPICON_NAME = AppIcon;
				ASSETCATALOG_COMPILER_GLOBAL_ACCENT_COLOR_NAME = AccentColor;
				AUTOMATION_APPLE_EVENTS = NO;
				CODE_SIGN_STYLE = Automatic;
				CURRENT_PROJECT_VERSION = 4;
				ENABLE_APP_SANDBOX = NO;
				ENABLE_HARDENED_RUNTIME = YES;
				ENABLE_PREVIEWS = YES;
				ENABLE_RESOURCE_ACCESS_AUDIO_INPUT = NO;
				ENABLE_RESOURCE_ACCESS_CALENDARS = NO;
				ENABLE_RESOURCE_ACCESS_CAMERA = NO;
				ENABLE_RESOURCE_ACCESS_CONTACTS = NO;
				ENABLE_RESOURCE_ACCESS_LOCATION = NO;
				ENABLE_RESOURCE_ACCESS_PHOTO_LIBRARY = NO;
				ENABLE_USER_SCRIPT_SANDBOXING = NO;
				"EXCLUDED_ARCHS[sdk=*]" = x86_64;
				GENERATE_INFOPLIST_FILE = YES;
				"HEADER_SEARCH_PATHS[arch=*]" = /opt/homebrew/opt/libmtp/lib;
				INFOPLIST_FILE = "Garmin-Screen-Studio-v1-1-Info.plist";
				"INFOPLIST_KEY_UIApplicationSceneManifest_Generation[sdk=iphoneos*]" = YES;
				"INFOPLIST_KEY_UIApplicationSceneManifest_Generation[sdk=iphonesimulator*]" = YES;
				"INFOPLIST_KEY_UIApplicationSupportsIndirectInputEvents[sdk=iphoneos*]" = YES;
				"INFOPLIST_KEY_UIApplicationSupportsIndirectInputEvents[sdk=iphonesimulator*]" = YES;
				"INFOPLIST_KEY_UILaunchScreen_Generation[sdk=iphoneos*]" = YES;
				"INFOPLIST_KEY_UILaunchScreen_Generation[sdk=iphonesimulator*]" = YES;
				"INFOPLIST_KEY_UIStatusBarStyle[sdk=iphoneos*]" = UIStatusBarStyleDefault;
				"INFOPLIST_KEY_UIStatusBarStyle[sdk=iphonesimulator*]" = UIStatusBarStyleDefault;
				INFOPLIST_KEY_UISupportedInterfaceOrientations_iPad = "UIInterfaceOrientationPortrait UIInterfaceOrientationPortraitUpsideDown UIInterfaceOrientationLandscapeLeft UIInterfaceOrientationLandscapeRight";
				INFOPLIST_KEY_UISupportedInterfaceOrientations_iPhone = "UIInterfaceOrientationPortrait UIInterfaceOrientationLandscapeLeft UIInterfaceOrientationLandscapeRight";
				IPHONEOS_DEPLOYMENT_TARGET = 26.5;
				LD_RUNPATH_SEARCH_PATHS = "@executable_path/Frameworks";
				"LD_RUNPATH_SEARCH_PATHS[sdk=macosx*]" = "@executable_path/../Frameworks";
				LIBRARY_SEARCH_PATHS = (
					"$(inherited)",
					"$(PROJECT_DIR)/Frameworks",
					"$(PROJECT_DIR)",
					"$(PROJECT_DIR)/Garmin\\ Screen\\ Studio\\ v1.1/libs",
					"$(PROJECT_DIR)/Garmin\\ Screen\\ Studio\\ v1.1/libs",
					"$(PROJECT_DIR)/Garmin\\ Screen\\ Studio\\ v1.1/libs",
					"$(PROJECT_DIR)/Garmin\\ Screen\\ Studio\\ v1.1/libs",
					"$(PROJECT_DIR)/Garmin\\ Screen\\ Studio\\ v1.1/libs",
					"$(PROJECT_DIR)/Garmin\\ Screen\\ Studio\\ v1.1/libs",
					"$(PROJECT_DIR)/Garmin\\ Screen\\ Studio\\ v1.1/libs",
					"$(PROJECT_DIR)/Garmin\\ Screen\\ Studio\\ v1.1/libs",
					"$(PROJECT_DIR)/Garmin\\ Screen\\ Studio\\ v1.1/libs",
					"$(PROJECT_DIR)/Garmin\\ Screen\\ Studio\\ v1.1/libs",
					"$(PROJECT_DIR)/Garmin\\ Screen\\ Studio\\ v1.1/libs",
					"$(PROJECT_DIR)/Garmin\\ Screen\\ Studio\\ v1.1/libs",
					"$(PROJECT_DIR)/Garmin\\ Screen\\ Studio\\ v1.1/libs",
					"$(PROJECT_DIR)/Garmin\\ Screen\\ Studio\\ v1.1/libs",
					"$(PROJECT_DIR)/Garmin\\ Screen\\ Studio\\ v1.1/libs",
					"$(PROJECT_DIR)/Garmin\\ Screen\\ Studio\\ v1.1/libs",
					"$(PROJECT_DIR)/Garmin\\ Screen\\ Studio\\ v1.1/libs",
					"$(PROJECT_DIR)/Garmin\\ Screen\\ Studio\\ v1.1/libs",
					"$(PROJECT_DIR)/Garmin\\ Screen\\ Studio\\ v1.1/libs",
					"$(PROJECT_DIR)/Garmin\\ Screen\\ Studio\\ v1.1/libs",
					"$(PROJECT_DIR)/Garmin\\ Screen\\ Studio\\ v1.1/libs",
					"$(PROJECT_DIR)/Garmin\\ Screen\\ Studio\\ v1.1/libs",
					"$(PROJECT_DIR)/Garmin\\ Screen\\ Studio\\ v1.1/libs",
					"$(PROJECT_DIR)/Garmin\\ Screen\\ Studio\\ v1.1/libs",
					"$(PROJECT_DIR)/Garmin\\ Screen\\ Studio\\ v1.1/libs",
					"$(PROJECT_DIR)/Garmin\\ Screen\\ Studio\\ v1.1/libs",
					"$(PROJECT_DIR)/Garmin\\ Screen\\ Studio\\ v1.1/libs",
					"$(PROJECT_DIR)/Garmin\\ Screen\\ Studio\\ v1.1/libs",
					"$(PROJECT_DIR)/Garmin\\ Screen\\ Studio\\ v1.1/libs",
					"$(PROJECT_DIR)/Garmin\\ Screen\\ Studio\\ v1.1/libs",
					"$(PROJECT_DIR)/Garmin\\ Screen\\ Studio\\ v1.1/libs",
					"$(PROJECT_DIR)/Garmin\\ Screen\\ Studio\\ v1.1/libs",
					"$(PROJECT_DIR)/Garmin\\ Screen\\ Studio\\ v1.1/libs",
					"$(PROJECT_DIR)/Garmin\\ Screen\\ Studio\\ v1.1/libs",
				);
				MACOSX_DEPLOYMENT_TARGET = 26.5;
				MARKETING_VERSION = 1.1;
				NEW_SETTING = "";
				PRODUCT_BUNDLE_IDENTIFIER = "com.cyclingwithruss.Garmin-Screen-Studio-v1-1";
				PRODUCT_NAME = "$(TARGET_NAME)";
				REGISTER_APP_GROUPS = YES;
				RUNTIME_EXCEPTION_ALLOW_DYLD_ENVIRONMENT_VARIABLES = NO;
				RUNTIME_EXCEPTION_ALLOW_JIT = NO;
				RUNTIME_EXCEPTION_ALLOW_UNSIGNED_EXECUTABLE_MEMORY = NO;
				RUNTIME_EXCEPTION_DEBUGGING_TOOL = NO;
				RUNTIME_EXCEPTION_DISABLE_EXECUTABLE_PAGE_PROTECTION = NO;
				RUNTIME_EXCEPTION_DISABLE_LIBRARY_VALIDATION = YES;
				SDKROOT = auto;
				STRING_CATALOG_GENERATE_SYMBOLS = YES;
				SUPPORTED_PLATFORMS = macosx;
				SUPPORTS_MACCATALYST = NO;
				SWIFT_APPROACHABLE_CONCURRENCY = YES;
				SWIFT_DEFAULT_ACTOR_ISOLATION = MainActor;
				SWIFT_EMIT_LOC_STRINGS = YES;
				"SWIFT_OBJC_BRIDGING_HEADER[arch=*]" = "$(SRCROOT)/GarminScreenStudio-Bridging-Header.h";
				SWIFT_PRECOMPILE_BRIDGING_HEADER = YES;
				SWIFT_UPCOMING_FEATURE_MEMBER_IMPORT_VISIBILITY = YES;
				SWIFT_VERSION = 5.0;
				XROS_DEPLOYMENT_TARGET = 26.5;
			};
			name = Debug;
		};
		CE63FE332FFCB07A00508C3D /* Release */ = {
			isa = XCBuildConfiguration;
			buildSettings = {
				ASSETCATALOG_COMPILER_APPICON_NAME = AppIcon;
				ASSETCATALOG_COMPILER_GLOBAL_ACCENT_COLOR_NAME = AccentColor;
				AUTOMATION_APPLE_EVENTS = NO;
				CODE_SIGN_STYLE = Automatic;
				CURRENT_PROJECT_VERSION = 4;
				ENABLE_APP_SANDBOX = NO;
				ENABLE_HARDENED_RUNTIME = YES;
				ENABLE_PREVIEWS = YES;
				ENABLE_RESOURCE_ACCESS_AUDIO_INPUT = NO;
				ENABLE_RESOURCE_ACCESS_CALENDARS = NO;
				ENABLE_RESOURCE_ACCESS_CAMERA = NO;
				ENABLE_RESOURCE_ACCESS_CONTACTS = NO;
				ENABLE_RESOURCE_ACCESS_LOCATION = NO;
				ENABLE_RESOURCE_ACCESS_PHOTO_LIBRARY = NO;
				ENABLE_USER_SCRIPT_SANDBOXING = NO;
				"EXCLUDED_ARCHS[sdk=*]" = x86_64;
				GENERATE_INFOPLIST_FILE = YES;
				"HEADER_SEARCH_PATHS[arch=*]" = /opt/homebrew/opt/libmtp/lib;
				INFOPLIST_FILE = "Garmin-Screen-Studio-v1-1-Info.plist";
				"INFOPLIST_KEY_UIApplicationSceneManifest_Generation[sdk=iphoneos*]" = YES;
				"INFOPLIST_KEY_UIApplicationSceneManifest_Generation[sdk=iphonesimulator*]" = YES;
				"INFOPLIST_KEY_UIApplicationSupportsIndirectInputEvents[sdk=iphoneos*]" = YES;
				"INFOPLIST_KEY_UIApplicationSupportsIndirectInputEvents[sdk=iphonesimulator*]" = YES;
				"INFOPLIST_KEY_UILaunchScreen_Generation[sdk=iphoneos*]" = YES;
				"INFOPLIST_KEY_UILaunchScreen_Generation[sdk=iphonesimulator*]" = YES;
				"INFOPLIST_KEY_UIStatusBarStyle[sdk=iphoneos*]" = UIStatusBarStyleDefault;
				"INFOPLIST_KEY_UIStatusBarStyle[sdk=iphonesimulator*]" = UIStatusBarStyleDefault;
				INFOPLIST_KEY_UISupportedInterfaceOrientations_iPad = "UIInterfaceOrientationPortrait UIInterfaceOrientationPortraitUpsideDown UIInterfaceOrientationLandscapeLeft UIInterfaceOrientationLandscapeRight";
				INFOPLIST_KEY_UISupportedInterfaceOrientations_iPhone = "UIInterfaceOrientationPortrait UIInterfaceOrientationLandscapeLeft UIInterfaceOrientationLandscapeRight";
				IPHONEOS_DEPLOYMENT_TARGET = 26.5;
				LD_RUNPATH_SEARCH_PATHS = "@executable_path/Frameworks";
				"LD_RUNPATH_SEARCH_PATHS[sdk=macosx*]" = "@executable_path/../Frameworks";
				LIBRARY_SEARCH_PATHS = (
					"$(inherited)",
					"$(PROJECT_DIR)/Frameworks",
					"$(PROJECT_DIR)",
					"$(PROJECT_DIR)/Garmin\\ Screen\\ Studio\\ v1.1/libs",
					"$(PROJECT_DIR)/Garmin\\ Screen\\ Studio\\ v1.1/libs",
					"$(PROJECT_DIR)/Garmin\\ Screen\\ Studio\\ v1.1/libs",
					"$(PROJECT_DIR)/Garmin\\ Screen\\ Studio\\ v1.1/libs",
					"$(PROJECT_DIR)/Garmin\\ Screen\\ Studio\\ v1.1/libs",
					"$(PROJECT_DIR)/Garmin\\ Screen\\ Studio\\ v1.1/libs",
					"$(PROJECT_DIR)/Garmin\\ Screen\\ Studio\\ v1.1/libs",
					"$(PROJECT_DIR)/Garmin\\ Screen\\ Studio\\ v1.1/libs",
					"$(PROJECT_DIR)/Garmin\\ Screen\\ Studio\\ v1.1/libs",
					"$(PROJECT_DIR)/Garmin\\ Screen\\ Studio\\ v1.1/libs",
					"$(PROJECT_DIR)/Garmin\\ Screen\\ Studio\\ v1.1/libs",
					"$(PROJECT_DIR)/Garmin\\ Screen\\ Studio\\ v1.1/libs",
					"$(PROJECT_DIR)/Garmin\\ Screen\\ Studio\\ v1.1/libs",
					"$(PROJECT_DIR)/Garmin\\ Screen\\ Studio\\ v1.1/libs",
					"$(PROJECT_DIR)/Garmin\\ Screen\\ Studio\\ v1.1/libs",
					"$(PROJECT_DIR)/Garmin\\ Screen\\ Studio\\ v1.1/libs",
					"$(PROJECT_DIR)/Garmin\\ Screen\\ Studio\\ v1.1/libs",
					"$(PROJECT_DIR)/Garmin\\ Screen\\ Studio\\ v1.1/libs",
					"$(PROJECT_DIR)/Garmin\\ Screen\\ Studio\\ v1.1/libs",
					"$(PROJECT_DIR)/Garmin\\ Screen\\ Studio\\ v1.1/libs",
					"$(PROJECT_DIR)/Garmin\\ Screen\\ Studio\\ v1.1/libs",
					"$(PROJECT_DIR)/Garmin\\ Screen\\ Studio\\ v1.1/libs",
					"$(PROJECT_DIR)/Garmin\\ Screen\\ Studio\\ v1.1/libs",
					"$(PROJECT_DIR)/Garmin\\ Screen\\ Studio\\ v1.1/libs",
					"$(PROJECT_DIR)/Garmin\\ Screen\\ Studio\\ v1.1/libs",
					"$(PROJECT_DIR)/Garmin\\ Screen\\ Studio\\ v1.1/libs",
					"$(PROJECT_DIR)/Garmin\\ Screen\\ Studio\\ v1.1/libs",
					"$(PROJECT_DIR)/Garmin\\ Screen\\ Studio\\ v1.1/libs",
					"$(PROJECT_DIR)/Garmin\\ Screen\\ Studio\\ v1.1/libs",
					"$(PROJECT_DIR)/Garmin\\ Screen\\ Studio\\ v1.1/libs",
					"$(PROJECT_DIR)/Garmin\\ Screen\\ Studio\\ v1.1/libs",
					"$(PROJECT_DIR)/Garmin\\ Screen\\ Studio\\ v1.1/libs",
					"$(PROJECT_DIR)/Garmin\\ Screen\\ Studio\\ v1.1/libs",
					"$(PROJECT_DIR)/Garmin\\ Screen\\ Studio\\ v1.1/libs",
				);
				MACOSX_DEPLOYMENT_TARGET = 26.5;
				MARKETING_VERSION = 1.1;
				NEW_SETTING = "";
				ONLY_ACTIVE_ARCH = YES;
				PRODUCT_BUNDLE_IDENTIFIER = "com.cyclingwithruss.Garmin-Screen-Studio-v1-1";
				PRODUCT_NAME = "$(TARGET_NAME)";
				REGISTER_APP_GROUPS = YES;
				RUNTIME_EXCEPTION_ALLOW_DYLD_ENVIRONMENT_VARIABLES = NO;
				RUNTIME_EXCEPTION_ALLOW_JIT = NO;
				RUNTIME_EXCEPTION_ALLOW_UNSIGNED_EXECUTABLE_MEMORY = NO;
				RUNTIME_EXCEPTION_DEBUGGING_TOOL = NO;
				RUNTIME_EXCEPTION_DISABLE_EXECUTABLE_PAGE_PROTECTION = NO;
				RUNTIME_EXCEPTION_DISABLE_LIBRARY_VALIDATION = YES;
				SDKROOT = auto;
				STRING_CATALOG_GENERATE_SYMBOLS = YES;
				SUPPORTED_PLATFORMS = macosx;
				SUPPORTS_MACCATALYST = NO;
				SWIFT_APPROACHABLE_CONCURRENCY = YES;
				SWIFT_DEFAULT_ACTOR_ISOLATION = MainActor;
				SWIFT_EMIT_LOC_STRINGS = YES;
				"SWIFT_OBJC_BRIDGING_HEADER[arch=*]" = "$(SRCROOT)/GarminScreenStudio-Bridging-Header.h";
				SWIFT_PRECOMPILE_BRIDGING_HEADER = NO;
				SWIFT_UPCOMING_FEATURE_MEMBER_IMPORT_VISIBILITY = YES;
				SWIFT_VERSION = 5.0;
				XROS_DEPLOYMENT_TARGET = 26.5;
			};
			name = Release;
		};
/* End XCBuildConfiguration section */

/* Begin XCConfigurationList section */
		CE63FE212FFCB07900508C3D /* Build configuration list for PBXProject "Garmin Screen Studio v1.1" */ = {
			isa = XCConfigurationList;
			buildConfigurations = (
				CE63FE2F2FFCB07A00508C3D /* Debug */,
				CE63FE302FFCB07A00508C3D /* Release */,
			);
			defaultConfigurationIsVisible = 0;
			defaultConfigurationName = Release;
		};
		CE63FE312FFCB07A00508C3D /* Build configuration list for PBXNativeTarget "Garmin Screen Studio v1.1" */ = {
			isa = XCConfigurationList;
			buildConfigurations = (
				CE63FE322FFCB07A00508C3D /* Debug */,
				CE63FE332FFCB07A00508C3D /* Release */,
			);
			defaultConfigurationIsVisible = 0;
			defaultConfigurationName = Release;
		};
/* End XCConfigurationList section */

/* Begin XCRemoteSwiftPackageReference section */
		CEE806C030193313006F7495 /* XCRemoteSwiftPackageReference "Sparkle" */ = {
			isa = XCRemoteSwiftPackageReference;
			repositoryURL = "https://github.com/sparkle-project/Sparkle";
			requirement = {
				kind = upToNextMajorVersion;
				minimumVersion = 2.9.4;
			};
		};
/* End XCRemoteSwiftPackageReference section */

/* Begin XCSwiftPackageProductDependency section */
		CEE806C130193313006F7495 /* Sparkle */ = {
			isa = XCSwiftPackageProductDependency;
			package = CEE806C030193313006F7495 /* XCRemoteSwiftPackageReference "Sparkle" */;
			productName = Sparkle;
		};
/* End XCSwiftPackageProductDependency section */
	};
	rootObject = CE63FE1E2FFCB07900508C3D /* Project object */;
}
